{
  "name": "SE-Assignment-Frontend",
  "lockfileVersion": 2,
  "requires": true,
  "packages": {
    "": {
      "dependencies": {
        "@fullcalendar/core": "^5.11.3",
        "@fullcalendar/daygrid": "^5.11.3",
        "@fullcalendar/react": "^5.11.3",
        "@fullcalendar/timegrid": "^5.11.3",
        "moment": "^2.29.4",
        "react-week-calendar": "^0.1.3"
      }
    },
    "node_modules/@fullcalendar/common": {
      "version": "5.11.3",
      "resolved": "https://registry.npmjs.org/@fullcalendar/common/-/common-5.11.3.tgz",
      "integrity": "sha512-welVwyfQOXQQGfDwBMSfYEPbiO1cPfUD+C7jd3ZoweJR+dSO11ddFugxIQ7dGfABAGZ63oq/+LW9FsmAJezVNg==",
      "dependencies": {
        "tslib": "^2.1.0"
      }
    },
    "node_modules/@fullcalendar/core": {
      "version": "5.11.3",
      "resolved": "https://registry.npmjs.org/@fullcalendar/core/-/core-5.11.3.tgz",
      "integrity": "sha512-YUFxCvVJytUwFeXCx4J17kFMM7Ixwn9zBjVRw5NM2bMwgR6VAhSnlZc6yNQSOIy7Hj2TF0vDkO/4JNlTvxyAXw==",
      "dependencies": {
        "@fullcalendar/common": "~5.11.3",
        "preact": "^10.0.5",
        "tslib": "^2.1.0"
      }
    },
    "node_modules/@fullcalendar/daygrid": {
      "version": "5.11.3",
      "resolved": "https://registry.npmjs.org/@fullcalendar/daygrid/-/daygrid-5.11.3.tgz",
      "integrity": "sha512-PCK0y80DRNCzWuC5lGpIWqCgKDvql1ah7rXql5lu+Gn2EeFj15ZQ8diMFjtNIQucEmFaNOXnR05Pgcry1n6Shg==",
      "dependencies": {
        "@fullcalendar/common": "~5.11.3",
        "tslib": "^2.1.0"
      }
    },
    "node_modules/@fullcalendar/react": {
      "version": "5.11.3",
      "resolved": "https://registry.npmjs.org/@fullcalendar/react/-/react-5.11.3.tgz",
      "integrity": "sha512-pxk6da5V1Mn41M664phQ1cr+0QbhXqkDHUhAVp8OOBrtMW84nhs82IYWTZNA3cbFCn4aUgoG2oGnyxekSF3pYA==",
      "dependencies": {
        "@fullcalendar/common": "~5.11.3",
        "tslib": "^2.1.0"
      },
      "peerDependencies": {
        "react": "^16.7.0 || ^17 || ^18",
        "react-dom": "^16.7.0 || ^17 || ^18"
      }
    },
    "node_modules/@fullcalendar/timegrid": {
      "version": "5.11.3",
      "resolved": "https://registry.npmjs.org/@fullcalendar/timegrid/-/timegrid-5.11.3.tgz",
      "integrity": "sha512-SjIj2ZQ7nTyL1RxZkCPvNbuUQ0xHT+gfYJdUL3FT4bPjPJCxWtQ2CL8hxaeNmVozYYuy0yrGTW5Oup2+9IplbA==",
      "dependencies": {
        "@fullcalendar/common": "~5.11.3",
        "@fullcalendar/daygrid": "~5.11.3",
        "tslib": "^2.1.0"
      }
    },
    "node_modules/js-tokens": {
      "version": "4.0.0",
      "resolved": "https://registry.npmjs.org/js-tokens/-/js-tokens-4.0.0.tgz",
      "integrity": "sha512-RdJUflcE3cUzKiMqQgsCu06FPu9UdIJO0beYbPhHN4k6apgJtifcoCtT9bcxOpYBtpD2kCM6Sbzg4CausW/PKQ=="
    },
    "node_modules/loose-envify": {
      "version": "1.4.0",
      "resolved": "https://registry.npmjs.org/loose-envify/-/loose-envify-1.4.0.tgz",
      "integrity": "sha512-lyuxPGr/Wfhrlem2CL/UcnUc1zcqKAImBDzukY7Y5F/yQiNdko6+fRLevlw1HgMySw7f611UIY408EtxRSoK3Q==",
      "dependencies": {
        "js-tokens": "^3.0.0 || ^4.0.0"
      },
      "bin": {
        "loose-envify": "cli.js"
      }
    },
    "node_modules/moment": {
      "version": "2.29.4",
      "resolved": "https://registry.npmjs.org/moment/-/moment-2.29.4.tgz",
      "integrity": "sha512-5LC9SOxjSc2HF6vO2CyuTDNivEdoz2IvyJJGj6X8DJ0eFyfszE0QiEd+iXmBvUP3WHxSjFH/vIsA0EN00cgr8w==",
      "engines": {
        "node": "*"
      }
    },
    "node_modules/object-assign": {
      "version": "4.1.1",
      "resolved": "https://registry.npmjs.org/object-assign/-/object-assign-4.1.1.tgz",
      "integrity": "sha512-rJgTQnkUnH1sFw8yT6VSU3zD3sWmu6sZhIseY8VX+GRu3P6F7Fu+JNDoXfklElbLJSnc3FUQHVe4cU5hj+BcUg==",
      "engines": {
        "node": ">=0.10.0"
      }
    },
    "node_modules/preact": {
      "version": "10.11.3",
      "resolved": "https://registry.npmjs.org/preact/-/preact-10.11.3.tgz",
      "integrity": "sha512-eY93IVpod/zG3uMF22Unl8h9KkrcKIRs2EGar8hwLZZDU1lkjph303V9HZBwufh2s736U6VXuhD109LYqPoffg==",
      "funding": {
        "type": "opencollective",
        "url": "https://opencollective.com/preact"
      }
    },
    "node_modules/prop-types": {
      "version": "15.8.1",
      "resolved": "https://registry.npmjs.org/prop-types/-/prop-types-15.8.1.tgz",
      "integrity": "sha512-oj87CgZICdulUohogVAR7AjlC0327U4el4L6eAvOqCeudMDVU0NThNaV+b9Df4dXgSP1gXMTnPdhfe/2qDH5cg==",
      "dependencies": {
        "loose-envify": "^1.4.0",
        "object-assign": "^4.1.1",
        "react-is": "^16.13.1"
      }
    },
    "node_modules/react": {
      "version": "16.14.0",
      "resolved": "https://registry.npmjs.org/react/-/react-16.14.0.tgz",
      "integrity": "sha512-0X2CImDkJGApiAlcf0ODKIneSwBPhqJawOa5wCtKbu7ZECrmS26NvtSILynQ66cgkT/RJ4LidJOc3bUESwmU8g==",
      "peer": true,
      "dependencies": {
        "loose-envify": "^1.1.0",
        "object-assign": "^4.1.1",
        "prop-types": "^15.6.2"
      },
      "engines": {
        "node": ">=0.10.0"
      }
    },
    "node_modules/react-dom": {
      "version": "16.14.0",
      "resolved": "https://registry.npmjs.org/react-dom/-/react-dom-16.14.0.tgz",
      "integrity": "sha512-1gCeQXDLoIqMgqD3IO2Ah9bnf0w9kzhwN5q4FGnHZ67hBm9yePzB5JJAIQCc8x3pFnNlwFq4RidZggNAAkzWWw==",
      "peer": true,
      "dependencies": {
        "loose-envify": "^1.1.0",
        "object-assign": "^4.1.1",
        "prop-types": "^15.6.2",
        "scheduler": "^0.19.1"
      },
      "peerDependencies": {
        "react": "^16.14.0"
      }
    },
    "node_modules/react-is": {
      "version": "16.13.1",
      "resolved": "https://registry.npmjs.org/react-is/-/react-is-16.13.1.tgz",
      "integrity": "sha512-24e6ynE2H+OKt4kqsOvNd8kBpV65zoxbA4BVsEOB3ARVWQki/DHzaUoC5KuON/BiccDaCCTZBuOcfZs70kR8bQ=="
    },
    "node_modules/react-week-calendar": {
      "version": "0.1.3",
      "resolved": "https://registry.npmjs.org/react-week-calendar/-/react-week-calendar-0.1.3.tgz",
      "integrity": "sha512-zY9W6Jxct+FWxX+jnzNpCzCjgjZUB90eDAJV4LhEC2a5EwDDnuxmdMJzPQzzyXigiz847FlMwcZYtXFlaHca2Q==",
      "dependencies": {
        "prop-types": "^15.5.8"
      },
      "peerDependencies": {
        "moment": "^2.18.1",
        "react": "^15.3.0 || ^16.0",
        "react-dom": "^15.3.0 || ^16.0"
      }
    },
    "node_modules/scheduler": {
      "version": "0.19.1",
      "resolved": "https://registry.npmjs.org/scheduler/-/scheduler-0.19.1.tgz",
      "integrity": "sha512-n/zwRWRYSUj0/3g/otKDRPMh6qv2SYMWNq85IEa8iZyAv8od9zDYpGSnpBEjNgcMNq6Scbu5KfIPxNF72R/2EA==",
      "peer": true,
      "dependencies": {
        "loose-envify": "^1.1.0",
        "object-assign": "^4.1.1"
      }
    },
    "node_modules/tslib": {
      "version": "2.4.1",
      "resolved": "https://registry.npmjs.org/tslib/-/tslib-2.4.1.tgz",
      "integrity": "sha512-tGyy4dAjRIEwI7BzsB0lynWgOpfqjUdq91XXAlIWD2OwKBH7oCl/GZG/HT4BOHrTlPMOASlMQ7veyTqpmRcrNA=="
    }
  },
  "dependencies": {
    "@fullcalendar/common": {
      "version": "5.11.3",
      "resolved": "https://registry.npmjs.org/@fullcalendar/common/-/common-5.11.3.tgz",
      "integrity": "sha512-welVwyfQOXQQGfDwBMSfYEPbiO1cPfUD+C7jd3ZoweJR+dSO11ddFugxIQ7dGfABAGZ63oq/+LW9FsmAJezVNg==",
      "requires": {
        "tslib": "^2.1.0"
      }
    },
    "@fullcalendar/core": {
      "version": "5.11.3",
      "resolved": "https://registry.npmjs.org/@fullcalendar/core/-/core-5.11.3.tgz",
      "integrity": "sha512-YUFxCvVJytUwFeXCx4J17kFMM7Ixwn9zBjVRw5NM2bMwgR6VAhSnlZc6yNQSOIy7Hj2TF0vDkO/4JNlTvxyAXw==",
      "requires": {
        "@fullcalendar/common": "~5.11.3",
        "preact": "^10.0.5",
        "tslib": "^2.1.0"
      }
    },
    "@fullcalendar/daygrid": {
      "version": "5.11.3",
      "resolved": "https://registry.npmjs.org/@fullcalendar/daygrid/-/daygrid-5.11.3.tgz",
      "integrity": "sha512-PCK0y80DRNCzWuC5lGpIWqCgKDvql1ah7rXql5lu+Gn2EeFj15ZQ8diMFjtNIQucEmFaNOXnR05Pgcry1n6Shg==",
      "requires": {
        "@fullcalendar/common": "~5.11.3",
        "tslib": "^2.1.0"
      }
    },
    "@fullcalendar/react": {
      "version": "5.11.3",
      "resolved": "https://registry.npmjs.org/@fullcalendar/react/-/react-5.11.3.tgz",
      "integrity": "sha512-pxk6da5V1Mn41M664phQ1cr+0QbhXqkDHUhAVp8OOBrtMW84nhs82IYWTZNA3cbFCn4aUgoG2oGnyxekSF3pYA==",
      "requires": {
        "@fullcalendar/common": "~5.11.3",
        "tslib": "^2.1.0"
      }
    },
    "@fullcalendar/timegrid": {
      "version": "5.11.3",
      "resolved": "https://registry.npmjs.org/@fullcalendar/timegrid/-/timegrid-5.11.3.tgz",
      "integrity": "sha512-SjIj2ZQ7nTyL1RxZkCPvNbuUQ0xHT+gfYJdUL3FT4bPjPJCxWtQ2CL8hxaeNmVozYYuy0yrGTW5Oup2+9IplbA==",
      "requires": {
        "@fullcalendar/common": "~5.11.3",
        "@fullcalendar/daygrid": "~5.11.3",
        "tslib": "^2.1.0"
      }
    },
    "js-tokens": {
      "version": "4.0.0",
      "resolved": "https://registry.npmjs.org/js-tokens/-/js-tokens-4.0.0.tgz",
      "integrity": "sha512-RdJUflcE3cUzKiMqQgsCu06FPu9UdIJO0beYbPhHN4k6apgJtifcoCtT9bcxOpYBtpD2kCM6Sbzg4CausW/PKQ=="
    },
    "loose-envify": {
      "version": "1.4.0",
      "resolved": "https://registry.npmjs.org/loose-envify/-/loose-envify-1.4.0.tgz",
      "integrity": "sha512-lyuxPGr/Wfhrlem2CL/UcnUc1zcqKAImBDzukY7Y5F/yQiNdko6+fRLevlw1HgMySw7f611UIY408EtxRSoK3Q==",
      "requires": {
        "js-tokens": "^3.0.0 || ^4.0.0"
      }
    },
    "moment": {
      "version": "2.29.4",
      "resolved": "https://registry.npmjs.org/moment/-/moment-2.29.4.tgz",
      "integrity": "sha512-5LC9SOxjSc2HF6vO2CyuTDNivEdoz2IvyJJGj6X8DJ0eFyfszE0QiEd+iXmBvUP3WHxSjFH/vIsA0EN00cgr8w=="
    },
    "object-assign": {
      "version": "4.1.1",
      "resolved": "https://registry.npmjs.org/object-assign/-/object-assign-4.1.1.tgz",
      "integrity": "sha512-rJgTQnkUnH1sFw8yT6VSU3zD3sWmu6sZhIseY8VX+GRu3P6F7Fu+JNDoXfklElbLJSnc3FUQHVe4cU5hj+BcUg=="
    },
    "preact": {
      "version": "10.11.3",
      "resolved": "https://registry.npmjs.org/preact/-/preact-10.11.3.tgz",
      "integrity": "sha512-eY93IVpod/zG3uMF22Unl8h9KkrcKIRs2EGar8hwLZZDU1lkjph303V9HZBwufh2s736U6VXuhD109LYqPoffg=="
    },
    "prop-types": {
      "version": "15.8.1",
      "resolved": "https://registry.npmjs.org/prop-types/-/prop-types-15.8.1.tgz",
      "integrity": "sha512-oj87CgZICdulUohogVAR7AjlC0327U4el4L6eAvOqCeudMDVU0NThNaV+b9Df4dXgSP1gXMTnPdhfe/2qDH5cg==",
      "requires": {
        "loose-envify": "^1.4.0",
        "object-assign": "^4.1.1",
        "react-is": "^16.13.1"
      }
    },
    "react": {
      "version": "16.14.0",
      "resolved": "https://registry.npmjs.org/react/-/react-16.14.0.tgz",
      "integrity": "sha512-0X2CImDkJGApiAlcf0ODKIneSwBPhqJawOa5wCtKbu7ZECrmS26NvtSILynQ66cgkT/RJ4LidJOc3bUESwmU8g==",
      "peer": true,
      "requires": {
        "loose-envify": "^1.1.0",
        "object-assign": "^4.1.1",
        "prop-types": "^15.6.2"
      }
    },
    "react-dom": {
      "version": "16.14.0",
      "resolved": "https://registry.npmjs.org/react-dom/-/react-dom-16.14.0.tgz",
      "integrity": "sha512-1gCeQXDLoIqMgqD3IO2Ah9bnf0w9kzhwN5q4FGnHZ67hBm9yePzB5JJAIQCc8x3pFnNlwFq4RidZggNAAkzWWw==",
      "peer": true,
      "requires": {
        "loose-envify": "^1.1.0",
        "object-assign": "^4.1.1",
        "prop-types": "^15.6.2",
        "scheduler": "^0.19.1"
      }
    },
    "react-is": {
      "version": "16.13.1",
      "resolved": "https://registry.npmjs.org/react-is/-/react-is-16.13.1.tgz",
      "integrity": "sha512-24e6ynE2H+OKt4kqsOvNd8kBpV65zoxbA4BVsEOB3ARVWQki/DHzaUoC5KuON/BiccDaCCTZBuOcfZs70kR8bQ=="
    },
    "react-week-calendar": {
      "version": "0.1.3",
      "resolved": "https://registry.npmjs.org/react-week-calendar/-/react-week-calendar-0.1.3.tgz",
      "integrity": "sha512-zY9W6Jxct+FWxX+jnzNpCzCjgjZUB90eDAJV4LhEC2a5EwDDnuxmdMJzPQzzyXigiz847FlMwcZYtXFlaHca2Q==",
      "requires": {
        "prop-types": "^15.5.8"
      }
    },
    "scheduler": {
      "version": "0.19.1",
      "resolved": "https://registry.npmjs.org/scheduler/-/scheduler-0.19.1.tgz",
      "integrity": "sha512-n/zwRWRYSUj0/3g/otKDRPMh6qv2SYMWNq85IEa8iZyAv8od9zDYpGSnpBEjNgcMNq6Scbu5KfIPxNF72R/2EA==",
      "peer": true,
      "requires": {
        "loose-envify": "^1.1.0",
        "object-assign": "^4.1.1"
      }
    },
    "tslib": {
      "version": "2.4.1",
      "resolved": "https://registry.npmjs.org/tslib/-/tslib-2.4.1.tgz",
      "integrity": "sha512-tGyy4dAjRIEwI7BzsB0lynWgOpfqjUdq91XXAlIWD2OwKBH7oCl/GZG/HT4BOHrTlPMOASlMQ7veyTqpmRcrNA=="
    }
  }
}
